// !$*UTF8*$!
{
	archiveVersion = 1;
	classes = {
	};
	objectVersion = 46;
	objects = {

/* Begin PBXBuildFile section */
		266354581AC9C62D00107689 /* PuzzleCell.m in Sources */ = {isa = PBXBuildFile; fileRef = 266354571AC9C62D00107689 /* PuzzleCell.m */; };
		2663545B1AC9D76D00107689 /* SelectedPuzzleView.m in Sources */ = {isa = PBXBuildFile; fileRef = 2663545A1AC9D76D00107689 /* SelectedPuzzleView.m */; };
		26E4E7F81AC9B0D3002C9E78 /* PuzzleView.m in Sources */ = {isa = PBXBuildFile; fileRef = 26E4E7F71AC9B0D3002C9E78 /* PuzzleView.m */; };
		44C99DF81ADC9D240039CC6B /* fu.wav in Resources */ = {isa = PBXBuildFile; fileRef = 44C99DF71ADC9D240039CC6B /* fu.wav */; };
		44C99E251ADC9D3C0039CC6B /* a.wav in Resources */ = {isa = PBXBuildFile; fileRef = 44C99DF91ADC9D3C0039CC6B /* a.wav */; };
		44C99E261ADC9D3C0039CC6B /* chi.wav in Resources */ = {isa = PBXBuildFile; fileRef = 44C99DFA1ADC9D3C0039CC6B /* chi.wav */; };
		44C99E271ADC9D3C0039CC6B /* e.wav in Resources */ = {isa = PBXBuildFile; fileRef = 44C99DFB1ADC9D3C0039CC6B /* e.wav */; };
		44C99E281ADC9D3C0039CC6B /* ha.wav in Resources */ = {isa = PBXBuildFile; fileRef = 44C99DFC1ADC9D3C0039CC6B /* ha.wav */; };
		44C99E291ADC9D3C0039CC6B /* he.wav in Resources */ = {isa = PBXBuildFile; fileRef = 44C99DFD1ADC9D3C0039CC6B /* he.wav */; };
		44C99E2A1ADC9D3C0039CC6B /* hi.wav in Resources */ = {isa = PBXBuildFile; fileRef = 44C99DFE1ADC9D3C0039CC6B /* hi.wav */; };
		44C99E2B1ADC9D3C0039CC6B /* ho.wav in Resources */ = {isa = PBXBuildFile; fileRef = 44C99DFF1ADC9D3C0039CC6B /* ho.wav */; };
		44C99E2C1ADC9D3C0039CC6B /* i.wav in Resources */ = {isa = PBXBuildFile; fileRef = 44C99E001ADC9D3C0039CC6B /* i.wav */; };
		44C99E2D1ADC9D3C0039CC6B /* ka.wav in Resources */ = {isa = PBXBuildFile; fileRef = 44C99E011ADC9D3C0039CC6B /* ka.wav */; };
		44C99E2E1ADC9D3C0039CC6B /* ke.wav in Resources */ = {isa = PBXBuildFile; fileRef = 44C99E021ADC9D3C0039CC6B /* ke.wav */; };
		44C99E2F1ADC9D3C0039CC6B /* ki.wav in Resources */ = {isa = PBXBuildFile; fileRef = 44C99E031ADC9D3C0039CC6B /* ki.wav */; };
		44C99E301ADC9D3C0039CC6B /* ko.wav in Resources */ = {isa = PBXBuildFile; fileRef = 44C99E041ADC9D3C0039CC6B /* ko.wav */; };
		44C99E311ADC9D3C0039CC6B /* ku.wav in Resources */ = {isa = PBXBuildFile; fileRef = 44C99E051ADC9D3C0039CC6B /* ku.wav */; };
		44C99E321ADC9D3C0039CC6B /* ma.wav in Resources */ = {isa = PBXBuildFile; fileRef = 44C99E061ADC9D3C0039CC6B /* ma.wav */; };
		44C99E331ADC9D3C0039CC6B /* me.wav in Resources */ = {isa = PBXBuildFile; fileRef = 44C99E071ADC9D3C0039CC6B /* me.wav */; };
		44C99E341ADC9D3C0039CC6B /* mi.wav in Resources */ = {isa = PBXBuildFile; fileRef = 44C99E081ADC9D3C0039CC6B /* mi.wav */; };
		44C99E351ADC9D3C0039CC6B /* mo.wav in Resources */ = {isa = PBXBuildFile; fileRef = 44C99E091ADC9D3C0039CC6B /* mo.wav */; };
		44C99E361ADC9D3C0039CC6B /* mu.wav in Resources */ = {isa = PBXBuildFile; fileRef = 44C99E0A1ADC9D3C0039CC6B /* mu.wav */; };
		44C99E371ADC9D3C0039CC6B /* n.wav in Resources */ = {isa = PBXBuildFile; fileRef = 44C99E0B1ADC9D3C0039CC6B /* n.wav */; };
		44C99E381ADC9D3C0039CC6B /* na.wav in Resources */ = {isa = PBXBuildFile; fileRef = 44C99E0C1ADC9D3C0039CC6B /* na.wav */; };
		44C99E391ADC9D3C0039CC6B /* ne.wav in Resources */ = {isa = PBXBuildFile; fileRef = 44C99E0D1ADC9D3C0039CC6B /* ne.wav */; };
		44C99E3A1ADC9D3C0039CC6B /* ni.wav in Resources */ = {isa = PBXBuildFile; fileRef = 44C99E0E1ADC9D3C0039CC6B /* ni.wav */; };
		44C99E3B1ADC9D3C0039CC6B /* no.wav in Resources */ = {isa = PBXBuildFile; fileRef = 44C99E0F1ADC9D3C0039CC6B /* no.wav */; };
		44C99E3C1ADC9D3C0039CC6B /* nu.wav in Resources */ = {isa = PBXBuildFile; fileRef = 44C99E101ADC9D3C0039CC6B /* nu.wav */; };
		44C99E3D1ADC9D3C0039CC6B /* o.wav in Resources */ = {isa = PBXBuildFile; fileRef = 44C99E111ADC9D3C0039CC6B /* o.wav */; };
		44C99E3E1ADC9D3C0039CC6B /* ra.wav in Resources */ = {isa = PBXBuildFile; fileRef = 44C99E121ADC9D3C0039CC6B /* ra.wav */; };
		44C99E3F1ADC9D3C0039CC6B /* re.wav in Resources */ = {isa = PBXBuildFile; fileRef = 44C99E131ADC9D3C0039CC6B /* re.wav */; };
		44C99E401ADC9D3C0039CC6B /* ri.wav in Resources */ = {isa = PBXBuildFile; fileRef = 44C99E141ADC9D3C0039CC6B /* ri.wav */; };
		44C99E411ADC9D3C0039CC6B /* ro.wav in Resources */ = {isa = PBXBuildFile; fileRef = 44C99E151ADC9D3C0039CC6B /* ro.wav */; };
		44C99E421ADC9D3C0039CC6B /* ru.wav in Resources */ = {isa = PBXBuildFile; fileRef = 44C99E161ADC9D3C0039CC6B /* ru.wav */; };
		44C99E431ADC9D3C0039CC6B /* sa.wav in Resources */ = {isa = PBXBuildFile; fileRef = 44C99E171ADC9D3C0039CC6B /* sa.wav */; };
		44C99E441ADC9D3C0039CC6B /* se.wav in Resources */ = {isa = PBXBuildFile; fileRef = 44C99E181ADC9D3C0039CC6B /* se.wav */; };
		44C99E451ADC9D3C0039CC6B /* shi.wav in Resources */ = {isa = PBXBuildFile; fileRef = 44C99E191ADC9D3C0039CC6B /* shi.wav */; };
		44C99E461ADC9D3C0039CC6B /* so.wav in Resources */ = {isa = PBXBuildFile; fileRef = 44C99E1A1ADC9D3C0039CC6B /* so.wav */; };
		44C99E471ADC9D3C0039CC6B /* su.wav in Resources */ = {isa = PBXBuildFile; fileRef = 44C99E1B1ADC9D3C0039CC6B /* su.wav */; };
		44C99E481ADC9D3C0039CC6B /* ta.wav in Resources */ = {isa = PBXBuildFile; fileRef = 44C99E1C1ADC9D3C0039CC6B /* ta.wav */; };
		44C99E491ADC9D3C0039CC6B /* te.wav in Resources */ = {isa = PBXBuildFile; fileRef = 44C99E1D1ADC9D3C0039CC6B /* te.wav */; };
		44C99E4A1ADC9D3C0039CC6B /* to.wav in Resources */ = {isa = PBXBuildFile; fileRef = 44C99E1E1ADC9D3C0039CC6B /* to.wav */; };
		44C99E4B1ADC9D3C0039CC6B /* tsu.wav in Resources */ = {isa = PBXBuildFile; fileRef = 44C99E1F1ADC9D3C0039CC6B /* tsu.wav */; };
		44C99E4C1ADC9D3C0039CC6B /* u.wav in Resources */ = {isa = PBXBuildFile; fileRef = 44C99E201ADC9D3C0039CC6B /* u.wav */; };
		44C99E4D1ADC9D3C0039CC6B /* wa.wav in Resources */ = {isa = PBXBuildFile; fileRef = 44C99E211ADC9D3C0039CC6B /* wa.wav */; };
		44C99E4E1ADC9D3C0039CC6B /* ya.wav in Resources */ = {isa = PBXBuildFile; fileRef = 44C99E221ADC9D3C0039CC6B /* ya.wav */; };
		44C99E4F1ADC9D3C0039CC6B /* yo.wav in Resources */ = {isa = PBXBuildFile; fileRef = 44C99E231ADC9D3C0039CC6B /* yo.wav */; };
		44C99E501ADC9D3C0039CC6B /* yu.wav in Resources */ = {isa = PBXBuildFile; fileRef = 44C99E241ADC9D3C0039CC6B /* yu.wav */; };
		44E03D381AC5ECDF006CDB27 /* ViewTutorial1.m in Sources */ = {isa = PBXBuildFile; fileRef = 44E03D371AC5ECDF006CDB27 /* ViewTutorial1.m */; };
		5E1D57F01AC1AED500EC1379 /* LessonTableViewController.m in Sources */ = {isa = PBXBuildFile; fileRef = 5E1D57EF1AC1AED500EC1379 /* LessonTableViewController.m */; };
		5E1D57F31AC1AF6000EC1379 /* LessonCellTableViewCell.m in Sources */ = {isa = PBXBuildFile; fileRef = 5E1D57F21AC1AF6000EC1379 /* LessonCellTableViewCell.m */; };
		5E55DF751ADE8EFD00293FD7 /* TestDictionary.plist in Resources */ = {isa = PBXBuildFile; fileRef = 5E55DF741ADE8EFD00293FD7 /* TestDictionary.plist */; };
		5E6C3FE11AC12E5700B57FD1 /* GameScene.m in Sources */ = {isa = PBXBuildFile; fileRef = 5E6C3FDD1AC12E5700B57FD1 /* GameScene.m */; };
		5E6C3FE31AC12E5700B57FD1 /* GameViewController.m in Sources */ = {isa = PBXBuildFile; fileRef = 5E6C3FE01AC12E5700B57FD1 /* GameViewController.m */; };
		5E6D96E21AC5E1340063E962 /* StoreViewController.m in Sources */ = {isa = PBXBuildFile; fileRef = 5E6D96E11AC5E1340063E962 /* StoreViewController.m */; };
		5E6D96E51AC5E14E0063E962 /* StoreTableViewCell.m in Sources */ = {isa = PBXBuildFile; fileRef = 5E6D96E41AC5E14E0063E962 /* StoreTableViewCell.m */; };
		5E6F153B1ACC2C3000848A27 /* gamesong.mp3 in Resources */ = {isa = PBXBuildFile; fileRef = 5E6F153A1ACC2C3000848A27 /* gamesong.mp3 */; };
		5E70914A1AC8B01200CF559B /* UserViewController.m in Sources */ = {isa = PBXBuildFile; fileRef = 5E7091491AC8B01200CF559B /* UserViewController.m */; };
		5E7A97221AC1A6FA00FDDF65 /* CharacterDictionary.m in Sources */ = {isa = PBXBuildFile; fileRef = 5E7A97211AC1A6FA00FDDF65 /* CharacterDictionary.m */; };
		5EAACAD51ACA3ED700AA8177 /* UserTableViewCell.m in Sources */ = {isa = PBXBuildFile; fileRef = 5EAACAD41ACA3ED700AA8177 /* UserTableViewCell.m */; };
		5EAB4FB61AEC9754002887EA /* LoginStoryboardSegue.m in Sources */ = {isa = PBXBuildFile; fileRef = 5EAB4FB51AEC9754002887EA /* LoginStoryboardSegue.m */; };
		5ED9E6771ABC810F00905BC5 /* main.m in Sources */ = {isa = PBXBuildFile; fileRef = 5ED9E6761ABC810F00905BC5 /* main.m */; };
		5ED9E67A1ABC810F00905BC5 /* AppDelegate.m in Sources */ = {isa = PBXBuildFile; fileRef = 5ED9E6791ABC810F00905BC5 /* AppDelegate.m */; };
		5ED9E67D1ABC810F00905BC5 /* ViewController.m in Sources */ = {isa = PBXBuildFile; fileRef = 5ED9E67C1ABC810F00905BC5 /* ViewController.m */; };
		5ED9E6801ABC810F00905BC5 /* Main.storyboard in Resources */ = {isa = PBXBuildFile; fileRef = 5ED9E67E1ABC810F00905BC5 /* Main.storyboard */; };
		5ED9E6821ABC810F00905BC5 /* Images.xcassets in Resources */ = {isa = PBXBuildFile; fileRef = 5ED9E6811ABC810F00905BC5 /* Images.xcassets */; };
		5ED9E6851ABC810F00905BC5 /* LaunchScreen.xib in Resources */ = {isa = PBXBuildFile; fileRef = 5ED9E6831ABC810F00905BC5 /* LaunchScreen.xib */; };
		5ED9E6911ABC810F00905BC5 /* GengoTests.m in Sources */ = {isa = PBXBuildFile; fileRef = 5ED9E6901ABC810F00905BC5 /* GengoTests.m */; };
		5EDF2C261ACC271700162205 /* GameScene.sks in Resources */ = {isa = PBXBuildFile; fileRef = 5EDF2C251ACC271700162205 /* GameScene.sks */; };
		5EEA8EFB1ABC8C4E00D141B1 /* TestViewController.m in Sources */ = {isa = PBXBuildFile; fileRef = 5EEA8EFA1ABC8C4E00D141B1 /* TestViewController.m */; };
		5EEAAED41ADDC59A0089156C /* GameDictionary.plist in Resources */ = {isa = PBXBuildFile; fileRef = 5EEAAED31ADDC59A0089156C /* GameDictionary.plist */; };
		DB2791171ADD941C00661EA0 /* Data.plist in Resources */ = {isa = PBXBuildFile; fileRef = DB2791161ADD941C00661EA0 /* Data.plist */; };
		DB7119951ABCA7E100ACDD71 /* Achievement.m in Sources */ = {isa = PBXBuildFile; fileRef = DB7119941ABCA7E100ACDD71 /* Achievement.m */; };
		DB71199A1ABCA7F200ACDD71 /* Item.m in Sources */ = {isa = PBXBuildFile; fileRef = DB7119971ABCA7F200ACDD71 /* Item.m */; };
		DB71199B1ABCA7F200ACDD71 /* Lesson.m in Sources */ = {isa = PBXBuildFile; fileRef = DB7119991ABCA7F200ACDD71 /* Lesson.m */; };
		DB7119A01ABCA7FF00ACDD71 /* Puzzle.m in Sources */ = {isa = PBXBuildFile; fileRef = DB71199D1ABCA7FF00ACDD71 /* Puzzle.m */; };
		DB7119A11ABCA7FF00ACDD71 /* SaveUtility.m in Sources */ = {isa = PBXBuildFile; fileRef = DB71199F1ABCA7FF00ACDD71 /* SaveUtility.m */; };
		DB7119A41ABCA80E00ACDD71 /* User.m in Sources */ = {isa = PBXBuildFile; fileRef = DB7119A31ABCA80E00ACDD71 /* User.m */; };
		DB7119AA1ABCA82B00ACDD71 /* Parse.framework in Frameworks */ = {isa = PBXBuildFile; fileRef = DB7119A61ABCA82B00ACDD71 /* Parse.framework */; };
		DB7119AB1ABCA82B00ACDD71 /* ParseCrashReporting.framework in Frameworks */ = {isa = PBXBuildFile; fileRef = DB7119A71ABCA82B00ACDD71 /* ParseCrashReporting.framework */; };
		DB7119AC1ABCA82B00ACDD71 /* ParseFacebookUtils.framework in Frameworks */ = {isa = PBXBuildFile; fileRef = DB7119A81ABCA82B00ACDD71 /* ParseFacebookUtils.framework */; };
		DB7119AD1ABCA82B00ACDD71 /* ParseUI.framework in Frameworks */ = {isa = PBXBuildFile; fileRef = DB7119A91ABCA82B00ACDD71 /* ParseUI.framework */; };
		DB7119B01ABCA83C00ACDD71 /* FacebookSDK.framework in Frameworks */ = {isa = PBXBuildFile; fileRef = DB7119AE1ABCA83C00ACDD71 /* FacebookSDK.framework */; };
		DB7119B11ABCA83C00ACDD71 /* FBAudienceNetwork.framework in Frameworks */ = {isa = PBXBuildFile; fileRef = DB7119AF1ABCA83C00ACDD71 /* FBAudienceNetwork.framework */; };
		DB7119B31ABCA86700ACDD71 /* AudioToolbox.framework in Frameworks */ = {isa = PBXBuildFile; fileRef = DB7119B21ABCA86700ACDD71 /* AudioToolbox.framework */; };
		DB7119B51ABCA86F00ACDD71 /* CFNetwork.framework in Frameworks */ = {isa = PBXBuildFile; fileRef = DB7119B41ABCA86E00ACDD71 /* CFNetwork.framework */; };
		DB7119B71ABCA87700ACDD71 /* CoreGraphics.framework in Frameworks */ = {isa = PBXBuildFile; fileRef = DB7119B61ABCA87700ACDD71 /* CoreGraphics.framework */; };
		DB7119B91ABCA88000ACDD71 /* CoreLocation.framework in Frameworks */ = {isa = PBXBuildFile; fileRef = DB7119B81ABCA88000ACDD71 /* CoreLocation.framework */; };
		DB7119BB1ABCA88A00ACDD71 /* MobileCoreServices.framework in Frameworks */ = {isa = PBXBuildFile; fileRef = DB7119BA1ABCA88A00ACDD71 /* MobileCoreServices.framework */; };
		DB7119BD1ABCA89200ACDD71 /* QuartzCore.framework in Frameworks */ = {isa = PBXBuildFile; fileRef = DB7119BC1ABCA89200ACDD71 /* QuartzCore.framework */; };
		DB7119BF1ABCA89B00ACDD71 /* Security.framework in Frameworks */ = {isa = PBXBuildFile; fileRef = DB7119BE1ABCA89B00ACDD71 /* Security.framework */; };
		DB7119C11ABCA8A200ACDD71 /* StoreKit.framework in Frameworks */ = {isa = PBXBuildFile; fileRef = DB7119C01ABCA8A200ACDD71 /* StoreKit.framework */; };
		DB7119C31ABCA8B000ACDD71 /* SystemConfiguration.framework in Frameworks */ = {isa = PBXBuildFile; fileRef = DB7119C21ABCA8B000ACDD71 /* SystemConfiguration.framework */; };
		DB7119C51ABCA8BB00ACDD71 /* libz.dylib in Frameworks */ = {isa = PBXBuildFile; fileRef = DB7119C41ABCA8BB00ACDD71 /* libz.dylib */; };
		DB7119C71ABCA8C400ACDD71 /* libsqlite3.dylib in Frameworks */ = {isa = PBXBuildFile; fileRef = DB7119C61ABCA8C400ACDD71 /* libsqlite3.dylib */; };
		DB7119C91ABCA96800ACDD71 /* Bolts.framework in Frameworks */ = {isa = PBXBuildFile; fileRef = DB7119C81ABCA96800ACDD71 /* Bolts.framework */; };
		DB8149AB1AC3274900D65332 /* AsyncImageView.m in Sources */ = {isa = PBXBuildFile; fileRef = DB8149AA1AC3274900D65332 /* AsyncImageView.m */; };
		DB850B101ACACFA400AA093B /* xibAnimation.m in Sources */ = {isa = PBXBuildFile; fileRef = DB850B0F1ACACFA400AA093B /* xibAnimation.m */; };
		DB92D3601AC5A10A002DE928 /* View1.xib in Resources */ = {isa = PBXBuildFile; fileRef = DB92D35F1AC5A10A002DE928 /* View1.xib */; };
		DB92D3621AC5A3A1002DE928 /* View2.xib in Resources */ = {isa = PBXBuildFile; fileRef = DB92D3611AC5A3A1002DE928 /* View2.xib */; };
		DB92D3641AC5BFBC002DE928 /* View3.xib in Resources */ = {isa = PBXBuildFile; fileRef = DB92D3631AC5BFBC002DE928 /* View3.xib */; };
		DBA17E8F1AC5D08300E807F7 /* TutorialDrawView.m in Sources */ = {isa = PBXBuildFile; fileRef = DBA17E8E1AC5D08300E807F7 /* TutorialDrawView.m */; };
		DBA32FE31AC5E7FF0099E5EC /* ViewControllerDesenhaLetra.m in Sources */ = {isa = PBXBuildFile; fileRef = DBA32FE21AC5E7FF0099E5EC /* ViewControllerDesenhaLetra.m */; };
		DBDD2F241AC47B450043D23A /* ViewControllerTutorial.m in Sources */ = {isa = PBXBuildFile; fileRef = DBDD2F231AC47B450043D23A /* ViewControllerTutorial.m */; };
		DBF6DB841ACB056400AB6ADF /* MiyamotoMusashi.wav in Resources */ = {isa = PBXBuildFile; fileRef = DBF6DB4B1ACB056400AB6ADF /* MiyamotoMusashi.wav */; };
/* End PBXBuildFile section */

/* Begin PBXContainerItemProxy section */
		5ED9E68B1ABC810F00905BC5 /* PBXContainerItemProxy */ = {
			isa = PBXContainerItemProxy;
			containerPortal = 5ED9E6691ABC810F00905BC5 /* Project object */;
			proxyType = 1;
			remoteGlobalIDString = 5ED9E6701ABC810F00905BC5;
			remoteInfo = Gengo;
		};
/* End PBXContainerItemProxy section */

/* Begin PBXFileReference section */
		266354561AC9C62D00107689 /* PuzzleCell.h */ = {isa = PBXFileReference; fileEncoding = 4; lastKnownFileType = sourcecode.c.h; path = PuzzleCell.h; sourceTree = "<group>"; };
		266354571AC9C62D00107689 /* PuzzleCell.m */ = {isa = PBXFileReference; fileEncoding = 4; lastKnownFileType = sourcecode.c.objc; path = PuzzleCell.m; sourceTree = "<group>"; };
		266354591AC9D76D00107689 /* SelectedPuzzleView.h */ = {isa = PBXFileReference; fileEncoding = 4; lastKnownFileType = sourcecode.c.h; path = SelectedPuzzleView.h; sourceTree = "<group>"; };
		2663545A1AC9D76D00107689 /* SelectedPuzzleView.m */ = {isa = PBXFileReference; fileEncoding = 4; lastKnownFileType = sourcecode.c.objc; path = SelectedPuzzleView.m; sourceTree = "<group>"; };
		26E4E7F61AC9B0D3002C9E78 /* PuzzleView.h */ = {isa = PBXFileReference; fileEncoding = 4; lastKnownFileType = sourcecode.c.h; path = PuzzleView.h; sourceTree = "<group>"; };
		26E4E7F71AC9B0D3002C9E78 /* PuzzleView.m */ = {isa = PBXFileReference; fileEncoding = 4; lastKnownFileType = sourcecode.c.objc; path = PuzzleView.m; sourceTree = "<group>"; };
		44C99DF71ADC9D240039CC6B /* fu.wav */ = {isa = PBXFileReference; lastKnownFileType = audio.wav; path = fu.wav; sourceTree = "<group>"; };
		44C99DF91ADC9D3C0039CC6B /* a.wav */ = {isa = PBXFileReference; lastKnownFileType = audio.wav; path = a.wav; sourceTree = "<group>"; };
		44C99DFA1ADC9D3C0039CC6B /* chi.wav */ = {isa = PBXFileReference; lastKnownFileType = audio.wav; path = chi.wav; sourceTree = "<group>"; };
		44C99DFB1ADC9D3C0039CC6B /* e.wav */ = {isa = PBXFileReference; lastKnownFileType = audio.wav; path = e.wav; sourceTree = "<group>"; };
		44C99DFC1ADC9D3C0039CC6B /* ha.wav */ = {isa = PBXFileReference; lastKnownFileType = audio.wav; path = ha.wav; sourceTree = "<group>"; };
		44C99DFD1ADC9D3C0039CC6B /* he.wav */ = {isa = PBXFileReference; lastKnownFileType = audio.wav; path = he.wav; sourceTree = "<group>"; };
		44C99DFE1ADC9D3C0039CC6B /* hi.wav */ = {isa = PBXFileReference; lastKnownFileType = audio.wav; path = hi.wav; sourceTree = "<group>"; };
		44C99DFF1ADC9D3C0039CC6B /* ho.wav */ = {isa = PBXFileReference; lastKnownFileType = audio.wav; path = ho.wav; sourceTree = "<group>"; };
		44C99E001ADC9D3C0039CC6B /* i.wav */ = {isa = PBXFileReference; lastKnownFileType = audio.wav; path = i.wav; sourceTree = "<group>"; };
		44C99E011ADC9D3C0039CC6B /* ka.wav */ = {isa = PBXFileReference; lastKnownFileType = audio.wav; path = ka.wav; sourceTree = "<group>"; };
		44C99E021ADC9D3C0039CC6B /* ke.wav */ = {isa = PBXFileReference; lastKnownFileType = audio.wav; path = ke.wav; sourceTree = "<group>"; };
		44C99E031ADC9D3C0039CC6B /* ki.wav */ = {isa = PBXFileReference; lastKnownFileType = audio.wav; path = ki.wav; sourceTree = "<group>"; };
		44C99E041ADC9D3C0039CC6B /* ko.wav */ = {isa = PBXFileReference; lastKnownFileType = audio.wav; path = ko.wav; sourceTree = "<group>"; };
		44C99E051ADC9D3C0039CC6B /* ku.wav */ = {isa = PBXFileReference; lastKnownFileType = audio.wav; path = ku.wav; sourceTree = "<group>"; };
		44C99E061ADC9D3C0039CC6B /* ma.wav */ = {isa = PBXFileReference; lastKnownFileType = audio.wav; path = ma.wav; sourceTree = "<group>"; };
		44C99E071ADC9D3C0039CC6B /* me.wav */ = {isa = PBXFileReference; lastKnownFileType = audio.wav; path = me.wav; sourceTree = "<group>"; };
		44C99E081ADC9D3C0039CC6B /* mi.wav */ = {isa = PBXFileReference; lastKnownFileType = audio.wav; path = mi.wav; sourceTree = "<group>"; };
		44C99E091ADC9D3C0039CC6B /* mo.wav */ = {isa = PBXFileReference; lastKnownFileType = audio.wav; path = mo.wav; sourceTree = "<group>"; };
		44C99E0A1ADC9D3C0039CC6B /* mu.wav */ = {isa = PBXFileReference; lastKnownFileType = audio.wav; path = mu.wav; sourceTree = "<group>"; };
		44C99E0B1ADC9D3C0039CC6B /* n.wav */ = {isa = PBXFileReference; lastKnownFileType = audio.wav; path = n.wav; sourceTree = "<group>"; };
		44C99E0C1ADC9D3C0039CC6B /* na.wav */ = {isa = PBXFileReference; lastKnownFileType = audio.wav; path = na.wav; sourceTree = "<group>"; };
		44C99E0D1ADC9D3C0039CC6B /* ne.wav */ = {isa = PBXFileReference; lastKnownFileType = audio.wav; path = ne.wav; sourceTree = "<group>"; };
		44C99E0E1ADC9D3C0039CC6B /* ni.wav */ = {isa = PBXFileReference; lastKnownFileType = audio.wav; path = ni.wav; sourceTree = "<group>"; };
		44C99E0F1ADC9D3C0039CC6B /* no.wav */ = {isa = PBXFileReference; lastKnownFileType = audio.wav; path = no.wav; sourceTree = "<group>"; };
		44C99E101ADC9D3C0039CC6B /* nu.wav */ = {isa = PBXFileReference; lastKnownFileType = audio.wav; path = nu.wav; sourceTree = "<group>"; };
		44C99E111ADC9D3C0039CC6B /* o.wav */ = {isa = PBXFileReference; lastKnownFileType = audio.wav; path = o.wav; sourceTree = "<group>"; };
		44C99E121ADC9D3C0039CC6B /* ra.wav */ = {isa = PBXFileReference; lastKnownFileType = audio.wav; path = ra.wav; sourceTree = "<group>"; };
		44C99E131ADC9D3C0039CC6B /* re.wav */ = {isa = PBXFileReference; lastKnownFileType = audio.wav; path = re.wav; sourceTree = "<group>"; };
		44C99E141ADC9D3C0039CC6B /* ri.wav */ = {isa = PBXFileReference; lastKnownFileType = audio.wav; path = ri.wav; sourceTree = "<group>"; };
		44C99E151ADC9D3C0039CC6B /* ro.wav */ = {isa = PBXFileReference; lastKnownFileType = audio.wav; path = ro.wav; sourceTree = "<group>"; };
		44C99E161ADC9D3C0039CC6B /* ru.wav */ = {isa = PBXFileReference; lastKnownFileType = audio.wav; path = ru.wav; sourceTree = "<group>"; };
		44C99E171ADC9D3C0039CC6B /* sa.wav */ = {isa = PBXFileReference; lastKnownFileType = audio.wav; path = sa.wav; sourceTree = "<group>"; };
		44C99E181ADC9D3C0039CC6B /* se.wav */ = {isa = PBXFileReference; lastKnownFileType = audio.wav; path = se.wav; sourceTree = "<group>"; };
		44C99E191ADC9D3C0039CC6B /* shi.wav */ = {isa = PBXFileReference; lastKnownFileType = audio.wav; path = shi.wav; sourceTree = "<group>"; };
		44C99E1A1ADC9D3C0039CC6B /* so.wav */ = {isa = PBXFileReference; lastKnownFileType = audio.wav; path = so.wav; sourceTree = "<group>"; };
		44C99E1B1ADC9D3C0039CC6B /* su.wav */ = {isa = PBXFileReference; lastKnownFileType = audio.wav; path = su.wav; sourceTree = "<group>"; };
		44C99E1C1ADC9D3C0039CC6B /* ta.wav */ = {isa = PBXFileReference; lastKnownFileType = audio.wav; path = ta.wav; sourceTree = "<group>"; };
		44C99E1D1ADC9D3C0039CC6B /* te.wav */ = {isa = PBXFileReference; lastKnownFileType = audio.wav; path = te.wav; sourceTree = "<group>"; };
		44C99E1E1ADC9D3C0039CC6B /* to.wav */ = {isa = PBXFileReference; lastKnownFileType = audio.wav; path = to.wav; sourceTree = "<group>"; };
		44C99E1F1ADC9D3C0039CC6B /* tsu.wav */ = {isa = PBXFileReference; lastKnownFileType = audio.wav; path = tsu.wav; sourceTree = "<group>"; };
		44C99E201ADC9D3C0039CC6B /* u.wav */ = {isa = PBXFileReference; lastKnownFileType = audio.wav; path = u.wav; sourceTree = "<group>"; };
		44C99E211ADC9D3C0039CC6B /* wa.wav */ = {isa = PBXFileReference; lastKnownFileType = audio.wav; path = wa.wav; sourceTree = "<group>"; };
		44C99E221ADC9D3C0039CC6B /* ya.wav */ = {isa = PBXFileReference; lastKnownFileType = audio.wav; path = ya.wav; sourceTree = "<group>"; };
		44C99E231ADC9D3C0039CC6B /* yo.wav */ = {isa = PBXFileReference; lastKnownFileType = audio.wav; path = yo.wav; sourceTree = "<group>"; };
		44C99E241ADC9D3C0039CC6B /* yu.wav */ = {isa = PBXFileReference; lastKnownFileType = audio.wav; path = yu.wav; sourceTree = "<group>"; };
		44E03D361AC5ECDF006CDB27 /* ViewTutorial1.h */ = {isa = PBXFileReference; fileEncoding = 4; lastKnownFileType = sourcecode.c.h; path = ViewTutorial1.h; sourceTree = "<group>"; };
		44E03D371AC5ECDF006CDB27 /* ViewTutorial1.m */ = {isa = PBXFileReference; fileEncoding = 4; lastKnownFileType = sourcecode.c.objc; path = ViewTutorial1.m; sourceTree = "<group>"; };
		5E1D57EE1AC1AED500EC1379 /* LessonTableViewController.h */ = {isa = PBXFileReference; fileEncoding = 4; lastKnownFileType = sourcecode.c.h; path = LessonTableViewController.h; sourceTree = "<group>"; };
		5E1D57EF1AC1AED500EC1379 /* LessonTableViewController.m */ = {isa = PBXFileReference; fileEncoding = 4; lastKnownFileType = sourcecode.c.objc; path = LessonTableViewController.m; sourceTree = "<group>"; };
		5E1D57F11AC1AF6000EC1379 /* LessonCellTableViewCell.h */ = {isa = PBXFileReference; fileEncoding = 4; lastKnownFileType = sourcecode.c.h; path = LessonCellTableViewCell.h; sourceTree = "<group>"; };
		5E1D57F21AC1AF6000EC1379 /* LessonCellTableViewCell.m */ = {isa = PBXFileReference; fileEncoding = 4; lastKnownFileType = sourcecode.c.objc; path = LessonCellTableViewCell.m; sourceTree = "<group>"; };
		5E55DF741ADE8EFD00293FD7 /* TestDictionary.plist */ = {isa = PBXFileReference; fileEncoding = 4; lastKnownFileType = text.plist.xml; path = TestDictionary.plist; sourceTree = "<group>"; };
		5E6C3FDC1AC12E5700B57FD1 /* GameScene.h */ = {isa = PBXFileReference; fileEncoding = 4; lastKnownFileType = sourcecode.c.h; path = GameScene.h; sourceTree = "<group>"; };
		5E6C3FDD1AC12E5700B57FD1 /* GameScene.m */ = {isa = PBXFileReference; fileEncoding = 4; lastKnownFileType = sourcecode.c.objc; path = GameScene.m; sourceTree = "<group>"; };
		5E6C3FDF1AC12E5700B57FD1 /* GameViewController.h */ = {isa = PBXFileReference; fileEncoding = 4; lastKnownFileType = sourcecode.c.h; path = GameViewController.h; sourceTree = "<group>"; };
		5E6C3FE01AC12E5700B57FD1 /* GameViewController.m */ = {isa = PBXFileReference; fileEncoding = 4; lastKnownFileType = sourcecode.c.objc; path = GameViewController.m; sourceTree = "<group>"; };
		5E6D96E01AC5E1340063E962 /* StoreViewController.h */ = {isa = PBXFileReference; fileEncoding = 4; lastKnownFileType = sourcecode.c.h; path = StoreViewController.h; sourceTree = "<group>"; };
		5E6D96E11AC5E1340063E962 /* StoreViewController.m */ = {isa = PBXFileReference; fileEncoding = 4; lastKnownFileType = sourcecode.c.objc; path = StoreViewController.m; sourceTree = "<group>"; };
		5E6D96E31AC5E14E0063E962 /* StoreTableViewCell.h */ = {isa = PBXFileReference; fileEncoding = 4; lastKnownFileType = sourcecode.c.h; path = StoreTableViewCell.h; sourceTree = "<group>"; };
		5E6D96E41AC5E14E0063E962 /* StoreTableViewCell.m */ = {isa = PBXFileReference; fileEncoding = 4; lastKnownFileType = sourcecode.c.objc; path = StoreTableViewCell.m; sourceTree = "<group>"; };
		5E6F153A1ACC2C3000848A27 /* gamesong.mp3 */ = {isa = PBXFileReference; lastKnownFileType = audio.mp3; path = gamesong.mp3; sourceTree = SOURCE_ROOT; };
		5E7091481AC8B01200CF559B /* UserViewController.h */ = {isa = PBXFileReference; fileEncoding = 4; lastKnownFileType = sourcecode.c.h; path = UserViewController.h; sourceTree = "<group>"; };
		5E7091491AC8B01200CF559B /* UserViewController.m */ = {isa = PBXFileReference; fileEncoding = 4; lastKnownFileType = sourcecode.c.objc; path = UserViewController.m; sourceTree = "<group>"; };
		5E7A97201AC1A6FA00FDDF65 /* CharacterDictionary.h */ = {isa = PBXFileReference; fileEncoding = 4; lastKnownFileType = sourcecode.c.h; path = CharacterDictionary.h; sourceTree = "<group>"; };
		5E7A97211AC1A6FA00FDDF65 /* CharacterDictionary.m */ = {isa = PBXFileReference; fileEncoding = 4; lastKnownFileType = sourcecode.c.objc; path = CharacterDictionary.m; sourceTree = "<group>"; };
		5EAACAD31ACA3ED700AA8177 /* UserTableViewCell.h */ = {isa = PBXFileReference; fileEncoding = 4; lastKnownFileType = sourcecode.c.h; path = UserTableViewCell.h; sourceTree = "<group>"; };
		5EAACAD41ACA3ED700AA8177 /* UserTableViewCell.m */ = {isa = PBXFileReference; fileEncoding = 4; lastKnownFileType = sourcecode.c.objc; path = UserTableViewCell.m; sourceTree = "<group>"; };
		5EAB4FB41AEC9754002887EA /* LoginStoryboardSegue.h */ = {isa = PBXFileReference; fileEncoding = 4; lastKnownFileType = sourcecode.c.h; path = LoginStoryboardSegue.h; sourceTree = "<group>"; };
		5EAB4FB51AEC9754002887EA /* LoginStoryboardSegue.m */ = {isa = PBXFileReference; fileEncoding = 4; lastKnownFileType = sourcecode.c.objc; path = LoginStoryboardSegue.m; sourceTree = "<group>"; };
		5ED9E6711ABC810F00905BC5 /* Gengo.app */ = {isa = PBXFileReference; explicitFileType = wrapper.application; includeInIndex = 0; path = Gengo.app; sourceTree = BUILT_PRODUCTS_DIR; };
		5ED9E6751ABC810F00905BC5 /* Info.plist */ = {isa = PBXFileReference; lastKnownFileType = text.plist.xml; path = Info.plist; sourceTree = "<group>"; };
		5ED9E6761ABC810F00905BC5 /* main.m */ = {isa = PBXFileReference; lastKnownFileType = sourcecode.c.objc; path = main.m; sourceTree = "<group>"; };
		5ED9E6781ABC810F00905BC5 /* AppDelegate.h */ = {isa = PBXFileReference; lastKnownFileType = sourcecode.c.h; path = AppDelegate.h; sourceTree = "<group>"; };
		5ED9E6791ABC810F00905BC5 /* AppDelegate.m */ = {isa = PBXFileReference; lastKnownFileType = sourcecode.c.objc; path = AppDelegate.m; sourceTree = "<group>"; };
		5ED9E67B1ABC810F00905BC5 /* ViewController.h */ = {isa = PBXFileReference; lastKnownFileType = sourcecode.c.h; path = ViewController.h; sourceTree = "<group>"; };
		5ED9E67C1ABC810F00905BC5 /* ViewController.m */ = {isa = PBXFileReference; lastKnownFileType = sourcecode.c.objc; path = ViewController.m; sourceTree = "<group>"; };
		5ED9E67F1ABC810F00905BC5 /* Base */ = {isa = PBXFileReference; lastKnownFileType = file.storyboard; name = Base; path = Base.lproj/Main.storyboard; sourceTree = "<group>"; };
		5ED9E6811ABC810F00905BC5 /* Images.xcassets */ = {isa = PBXFileReference; lastKnownFileType = folder.assetcatalog; path = Images.xcassets; sourceTree = "<group>"; };
		5ED9E6841ABC810F00905BC5 /* Base */ = {isa = PBXFileReference; lastKnownFileType = file.xib; name = Base; path = Base.lproj/LaunchScreen.xib; sourceTree = "<group>"; };
		5ED9E68A1ABC810F00905BC5 /* GengoTests.xctest */ = {isa = PBXFileReference; explicitFileType = wrapper.cfbundle; includeInIndex = 0; path = GengoTests.xctest; sourceTree = BUILT_PRODUCTS_DIR; };
		5ED9E68F1ABC810F00905BC5 /* Info.plist */ = {isa = PBXFileReference; lastKnownFileType = text.plist.xml; path = Info.plist; sourceTree = "<group>"; };
		5ED9E6901ABC810F00905BC5 /* GengoTests.m */ = {isa = PBXFileReference; lastKnownFileType = sourcecode.c.objc; path = GengoTests.m; sourceTree = "<group>"; };
		5EDF2C251ACC271700162205 /* GameScene.sks */ = {isa = PBXFileReference; lastKnownFileType = file.sks; path = GameScene.sks; sourceTree = "<group>"; };
		5EEA8EF91ABC8C4E00D141B1 /* TestViewController.h */ = {isa = PBXFileReference; fileEncoding = 4; lastKnownFileType = sourcecode.c.h; path = TestViewController.h; sourceTree = "<group>"; };
		5EEA8EFA1ABC8C4E00D141B1 /* TestViewController.m */ = {isa = PBXFileReference; fileEncoding = 4; lastKnownFileType = sourcecode.c.objc; path = TestViewController.m; sourceTree = "<group>"; };
		5EEAAED31ADDC59A0089156C /* GameDictionary.plist */ = {isa = PBXFileReference; fileEncoding = 4; lastKnownFileType = text.plist.xml; path = GameDictionary.plist; sourceTree = "<group>"; };
		DB2791161ADD941C00661EA0 /* Data.plist */ = {isa = PBXFileReference; fileEncoding = 4; lastKnownFileType = text.plist.xml; path = Data.plist; sourceTree = "<group>"; };
		DB7119931ABCA7E100ACDD71 /* Achievement.h */ = {isa = PBXFileReference; fileEncoding = 4; lastKnownFileType = sourcecode.c.h; path = Achievement.h; sourceTree = "<group>"; };
		DB7119941ABCA7E100ACDD71 /* Achievement.m */ = {isa = PBXFileReference; fileEncoding = 4; lastKnownFileType = sourcecode.c.objc; path = Achievement.m; sourceTree = "<group>"; };
		DB7119961ABCA7F200ACDD71 /* Item.h */ = {isa = PBXFileReference; fileEncoding = 4; lastKnownFileType = sourcecode.c.h; path = Item.h; sourceTree = "<group>"; };
		DB7119971ABCA7F200ACDD71 /* Item.m */ = {isa = PBXFileReference; fileEncoding = 4; lastKnownFileType = sourcecode.c.objc; path = Item.m; sourceTree = "<group>"; };
		DB7119981ABCA7F200ACDD71 /* Lesson.h */ = {isa = PBXFileReference; fileEncoding = 4; lastKnownFileType = sourcecode.c.h; path = Lesson.h; sourceTree = "<group>"; };
		DB7119991ABCA7F200ACDD71 /* Lesson.m */ = {isa = PBXFileReference; fileEncoding = 4; lastKnownFileType = sourcecode.c.objc; path = Lesson.m; sourceTree = "<group>"; };
		DB71199C1ABCA7FF00ACDD71 /* Puzzle.h */ = {isa = PBXFileReference; fileEncoding = 4; lastKnownFileType = sourcecode.c.h; path = Puzzle.h; sourceTree = "<group>"; };
		DB71199D1ABCA7FF00ACDD71 /* Puzzle.m */ = {isa = PBXFileReference; fileEncoding = 4; lastKnownFileType = sourcecode.c.objc; path = Puzzle.m; sourceTree = "<group>"; };
		DB71199E1ABCA7FF00ACDD71 /* SaveUtility.h */ = {isa = PBXFileReference; fileEncoding = 4; lastKnownFileType = sourcecode.c.h; path = SaveUtility.h; sourceTree = "<group>"; };
		DB71199F1ABCA7FF00ACDD71 /* SaveUtility.m */ = {isa = PBXFileReference; fileEncoding = 4; lastKnownFileType = sourcecode.c.objc; path = SaveUtility.m; sourceTree = "<group>"; };
		DB7119A21ABCA80E00ACDD71 /* User.h */ = {isa = PBXFileReference; fileEncoding = 4; lastKnownFileType = sourcecode.c.h; path = User.h; sourceTree = "<group>"; };
		DB7119A31ABCA80E00ACDD71 /* User.m */ = {isa = PBXFileReference; fileEncoding = 4; lastKnownFileType = sourcecode.c.objc; path = User.m; sourceTree = "<group>"; };
		DB7119A61ABCA82B00ACDD71 /* Parse.framework */ = {isa = PBXFileReference; lastKnownFileType = wrapper.framework; path = Parse.framework; sourceTree = "<group>"; };
		DB7119A71ABCA82B00ACDD71 /* ParseCrashReporting.framework */ = {isa = PBXFileReference; lastKnownFileType = wrapper.framework; path = ParseCrashReporting.framework; sourceTree = "<group>"; };
		DB7119A81ABCA82B00ACDD71 /* ParseFacebookUtils.framework */ = {isa = PBXFileReference; lastKnownFileType = wrapper.framework; path = ParseFacebookUtils.framework; sourceTree = "<group>"; };
		DB7119A91ABCA82B00ACDD71 /* ParseUI.framework */ = {isa = PBXFileReference; lastKnownFileType = wrapper.framework; path = ParseUI.framework; sourceTree = "<group>"; };
		DB7119AE1ABCA83C00ACDD71 /* FacebookSDK.framework */ = {isa = PBXFileReference; lastKnownFileType = wrapper.framework; name = FacebookSDK.framework; path = FacebookSDK/FacebookSDK.framework; sourceTree = "<group>"; };
		DB7119AF1ABCA83C00ACDD71 /* FBAudienceNetwork.framework */ = {isa = PBXFileReference; lastKnownFileType = wrapper.framework; name = FBAudienceNetwork.framework; path = FacebookSDK/FBAudienceNetwork.framework; sourceTree = "<group>"; };
		DB7119B21ABCA86700ACDD71 /* AudioToolbox.framework */ = {isa = PBXFileReference; lastKnownFileType = wrapper.framework; name = AudioToolbox.framework; path = System/Library/Frameworks/AudioToolbox.framework; sourceTree = SDKROOT; };
		DB7119B41ABCA86E00ACDD71 /* CFNetwork.framework */ = {isa = PBXFileReference; lastKnownFileType = wrapper.framework; name = CFNetwork.framework; path = System/Library/Frameworks/CFNetwork.framework; sourceTree = SDKROOT; };
		DB7119B61ABCA87700ACDD71 /* CoreGraphics.framework */ = {isa = PBXFileReference; lastKnownFileType = wrapper.framework; name = CoreGraphics.framework; path = System/Library/Frameworks/CoreGraphics.framework; sourceTree = SDKROOT; };
		DB7119B81ABCA88000ACDD71 /* CoreLocation.framework */ = {isa = PBXFileReference; lastKnownFileType = wrapper.framework; name = CoreLocation.framework; path = System/Library/Frameworks/CoreLocation.framework; sourceTree = SDKROOT; };
		DB7119BA1ABCA88A00ACDD71 /* MobileCoreServices.framework */ = {isa = PBXFileReference; lastKnownFileType = wrapper.framework; name = MobileCoreServices.framework; path = System/Library/Frameworks/MobileCoreServices.framework; sourceTree = SDKROOT; };
		DB7119BC1ABCA89200ACDD71 /* QuartzCore.framework */ = {isa = PBXFileReference; lastKnownFileType = wrapper.framework; name = QuartzCore.framework; path = System/Library/Frameworks/QuartzCore.framework; sourceTree = SDKROOT; };
		DB7119BE1ABCA89B00ACDD71 /* Security.framework */ = {isa = PBXFileReference; lastKnownFileType = wrapper.framework; name = Security.framework; path = System/Library/Frameworks/Security.framework; sourceTree = SDKROOT; };
		DB7119C01ABCA8A200ACDD71 /* StoreKit.framework */ = {isa = PBXFileReference; lastKnownFileType = wrapper.framework; name = StoreKit.framework; path = System/Library/Frameworks/StoreKit.framework; sourceTree = SDKROOT; };
		DB7119C21ABCA8B000ACDD71 /* SystemConfiguration.framework */ = {isa = PBXFileReference; lastKnownFileType = wrapper.framework; name = SystemConfiguration.framework; path = System/Library/Frameworks/SystemConfiguration.framework; sourceTree = SDKROOT; };
		DB7119C41ABCA8BB00ACDD71 /* libz.dylib */ = {isa = PBXFileReference; lastKnownFileType = "compiled.mach-o.dylib"; name = libz.dylib; path = usr/lib/libz.dylib; sourceTree = SDKROOT; };
		DB7119C61ABCA8C400ACDD71 /* libsqlite3.dylib */ = {isa = PBXFileReference; lastKnownFileType = "compiled.mach-o.dylib"; name = libsqlite3.dylib; path = usr/lib/libsqlite3.dylib; sourceTree = SDKROOT; };
		DB7119C81ABCA96800ACDD71 /* Bolts.framework */ = {isa = PBXFileReference; lastKnownFileType = wrapper.framework; path = Bolts.framework; sourceTree = "<group>"; };
		DB8149A91AC3274900D65332 /* AsyncImageView.h */ = {isa = PBXFileReference; fileEncoding = 4; lastKnownFileType = sourcecode.c.h; path = AsyncImageView.h; sourceTree = "<group>"; };
		DB8149AA1AC3274900D65332 /* AsyncImageView.m */ = {isa = PBXFileReference; fileEncoding = 4; lastKnownFileType = sourcecode.c.objc; path = AsyncImageView.m; sourceTree = "<group>"; };
		DB850B0E1ACACFA400AA093B /* xibAnimation.h */ = {isa = PBXFileReference; fileEncoding = 4; lastKnownFileType = sourcecode.c.h; path = xibAnimation.h; sourceTree = "<group>"; };
		DB850B0F1ACACFA400AA093B /* xibAnimation.m */ = {isa = PBXFileReference; fileEncoding = 4; lastKnownFileType = sourcecode.c.objc; path = xibAnimation.m; sourceTree = "<group>"; };
		DB92D35F1AC5A10A002DE928 /* View1.xib */ = {isa = PBXFileReference; fileEncoding = 4; lastKnownFileType = file.xib; path = View1.xib; sourceTree = "<group>"; };
		DB92D3611AC5A3A1002DE928 /* View2.xib */ = {isa = PBXFileReference; fileEncoding = 4; lastKnownFileType = file.xib; path = View2.xib; sourceTree = "<group>"; };
		DB92D3631AC5BFBC002DE928 /* View3.xib */ = {isa = PBXFileReference; fileEncoding = 4; lastKnownFileType = file.xib; path = View3.xib; sourceTree = "<group>"; };
		DBA17E8D1AC5D08300E807F7 /* TutorialDrawView.h */ = {isa = PBXFileReference; fileEncoding = 4; lastKnownFileType = sourcecode.c.h; path = TutorialDrawView.h; sourceTree = "<group>"; };
		DBA17E8E1AC5D08300E807F7 /* TutorialDrawView.m */ = {isa = PBXFileReference; fileEncoding = 4; lastKnownFileType = sourcecode.c.objc; path = TutorialDrawView.m; sourceTree = "<group>"; };
		DBA32FE11AC5E7FF0099E5EC /* ViewControllerDesenhaLetra.h */ = {isa = PBXFileReference; fileEncoding = 4; lastKnownFileType = sourcecode.c.h; path = ViewControllerDesenhaLetra.h; sourceTree = "<group>"; };
		DBA32FE21AC5E7FF0099E5EC /* ViewControllerDesenhaLetra.m */ = {isa = PBXFileReference; fileEncoding = 4; lastKnownFileType = sourcecode.c.objc; path = ViewControllerDesenhaLetra.m; sourceTree = "<group>"; };
		DBDD2F221AC47B450043D23A /* ViewControllerTutorial.h */ = {isa = PBXFileReference; fileEncoding = 4; lastKnownFileType = sourcecode.c.h; path = ViewControllerTutorial.h; sourceTree = "<group>"; };
		DBDD2F231AC47B450043D23A /* ViewControllerTutorial.m */ = {isa = PBXFileReference; fileEncoding = 4; lastKnownFileType = sourcecode.c.objc; path = ViewControllerTutorial.m; sourceTree = "<group>"; };
		DBF6DB4B1ACB056400AB6ADF /* MiyamotoMusashi.wav */ = {isa = PBXFileReference; lastKnownFileType = audio.wav; path = MiyamotoMusashi.wav; sourceTree = "<group>"; };
/* End PBXFileReference section */

/* Begin PBXFrameworksBuildPhase section */
		5ED9E66E1ABC810F00905BC5 /* Frameworks */ = {
			isa = PBXFrameworksBuildPhase;
			buildActionMask = 2147483647;
			files = (
				DB7119C91ABCA96800ACDD71 /* Bolts.framework in Frameworks */,
				DB7119C71ABCA8C400ACDD71 /* libsqlite3.dylib in Frameworks */,
				DB7119C51ABCA8BB00ACDD71 /* libz.dylib in Frameworks */,
				DB7119C31ABCA8B000ACDD71 /* SystemConfiguration.framework in Frameworks */,
				DB7119C11ABCA8A200ACDD71 /* StoreKit.framework in Frameworks */,
				DB7119BF1ABCA89B00ACDD71 /* Security.framework in Frameworks */,
				DB7119BD1ABCA89200ACDD71 /* QuartzCore.framework in Frameworks */,
				DB7119BB1ABCA88A00ACDD71 /* MobileCoreServices.framework in Frameworks */,
				DB7119B91ABCA88000ACDD71 /* CoreLocation.framework in Frameworks */,
				DB7119B71ABCA87700ACDD71 /* CoreGraphics.framework in Frameworks */,
				DB7119B51ABCA86F00ACDD71 /* CFNetwork.framework in Frameworks */,
				DB7119B31ABCA86700ACDD71 /* AudioToolbox.framework in Frameworks */,
				DB7119AA1ABCA82B00ACDD71 /* Parse.framework in Frameworks */,
				DB7119B01ABCA83C00ACDD71 /* FacebookSDK.framework in Frameworks */,
				DB7119AB1ABCA82B00ACDD71 /* ParseCrashReporting.framework in Frameworks */,
				DB7119B11ABCA83C00ACDD71 /* FBAudienceNetwork.framework in Frameworks */,
				DB7119AD1ABCA82B00ACDD71 /* ParseUI.framework in Frameworks */,
				DB7119AC1ABCA82B00ACDD71 /* ParseFacebookUtils.framework in Frameworks */,
			);
			runOnlyForDeploymentPostprocessing = 0;
		};
		5ED9E6871ABC810F00905BC5 /* Frameworks */ = {
			isa = PBXFrameworksBuildPhase;
			buildActionMask = 2147483647;
			files = (
			);
			runOnlyForDeploymentPostprocessing = 0;
		};
/* End PBXFrameworksBuildPhase section */

/* Begin PBXGroup section */
		445367BA1ACAE74A00B0D2C7 /* audios */ = {
			isa = PBXGroup;
			children = (
				44C99DF91ADC9D3C0039CC6B /* a.wav */,
				44C99DFA1ADC9D3C0039CC6B /* chi.wav */,
				44C99DFB1ADC9D3C0039CC6B /* e.wav */,
				44C99DFC1ADC9D3C0039CC6B /* ha.wav */,
				44C99DFD1ADC9D3C0039CC6B /* he.wav */,
				44C99DFE1ADC9D3C0039CC6B /* hi.wav */,
				44C99DFF1ADC9D3C0039CC6B /* ho.wav */,
				44C99E001ADC9D3C0039CC6B /* i.wav */,
				44C99E011ADC9D3C0039CC6B /* ka.wav */,
				44C99E021ADC9D3C0039CC6B /* ke.wav */,
				44C99E031ADC9D3C0039CC6B /* ki.wav */,
				44C99E041ADC9D3C0039CC6B /* ko.wav */,
				44C99E051ADC9D3C0039CC6B /* ku.wav */,
				44C99E061ADC9D3C0039CC6B /* ma.wav */,
				44C99E071ADC9D3C0039CC6B /* me.wav */,
				44C99E081ADC9D3C0039CC6B /* mi.wav */,
				44C99E091ADC9D3C0039CC6B /* mo.wav */,
				44C99E0A1ADC9D3C0039CC6B /* mu.wav */,
				44C99E0B1ADC9D3C0039CC6B /* n.wav */,
				44C99E0C1ADC9D3C0039CC6B /* na.wav */,
				44C99E0D1ADC9D3C0039CC6B /* ne.wav */,
				44C99E0E1ADC9D3C0039CC6B /* ni.wav */,
				44C99E0F1ADC9D3C0039CC6B /* no.wav */,
				44C99E101ADC9D3C0039CC6B /* nu.wav */,
				44C99E111ADC9D3C0039CC6B /* o.wav */,
				44C99E121ADC9D3C0039CC6B /* ra.wav */,
				44C99E131ADC9D3C0039CC6B /* re.wav */,
				44C99E141ADC9D3C0039CC6B /* ri.wav */,
				44C99E151ADC9D3C0039CC6B /* ro.wav */,
				44C99E161ADC9D3C0039CC6B /* ru.wav */,
				44C99E171ADC9D3C0039CC6B /* sa.wav */,
				44C99E181ADC9D3C0039CC6B /* se.wav */,
				44C99E191ADC9D3C0039CC6B /* shi.wav */,
				44C99E1A1ADC9D3C0039CC6B /* so.wav */,
				44C99E1B1ADC9D3C0039CC6B /* su.wav */,
				44C99E1C1ADC9D3C0039CC6B /* ta.wav */,
				44C99E1D1ADC9D3C0039CC6B /* te.wav */,
				44C99E1E1ADC9D3C0039CC6B /* to.wav */,
				44C99E1F1ADC9D3C0039CC6B /* tsu.wav */,
				44C99E201ADC9D3C0039CC6B /* u.wav */,
				44C99E211ADC9D3C0039CC6B /* wa.wav */,
				44C99E221ADC9D3C0039CC6B /* ya.wav */,
				44C99E231ADC9D3C0039CC6B /* yo.wav */,
				44C99E241ADC9D3C0039CC6B /* yu.wav */,
				44C99DF71ADC9D240039CC6B /* fu.wav */,
				5E6F153A1ACC2C3000848A27 /* gamesong.mp3 */,
				DBF6DB4B1ACB056400AB6ADF /* MiyamotoMusashi.wav */,
			);
			name = audios;
			path = ..;
			sourceTree = "<group>";
		};
		449A3E4B1ADC9CA300300361 /* audio */ = {
			isa = PBXGroup;
			children = (
			);
			name = audio;
			sourceTree = "<group>";
		};
		5E7075AB1AC1EE43009B6B4C /* ViewControllers */ = {
			isa = PBXGroup;
			children = (
				5ED9E67B1ABC810F00905BC5 /* ViewController.h */,
				5ED9E67C1ABC810F00905BC5 /* ViewController.m */,
				5E1D57F11AC1AF6000EC1379 /* LessonCellTableViewCell.h */,
				5E1D57F21AC1AF6000EC1379 /* LessonCellTableViewCell.m */,
				5E1D57EE1AC1AED500EC1379 /* LessonTableViewController.h */,
				5E1D57EF1AC1AED500EC1379 /* LessonTableViewController.m */,
				5EEA8EF91ABC8C4E00D141B1 /* TestViewController.h */,
				5EEA8EFA1ABC8C4E00D141B1 /* TestViewController.m */,
				DBDD2F221AC47B450043D23A /* ViewControllerTutorial.h */,
				DBDD2F231AC47B450043D23A /* ViewControllerTutorial.m */,
				445367BA1ACAE74A00B0D2C7 /* audios */,
				44E03D361AC5ECDF006CDB27 /* ViewTutorial1.h */,
				44E03D371AC5ECDF006CDB27 /* ViewTutorial1.m */,
				DBA17E8D1AC5D08300E807F7 /* TutorialDrawView.h */,
				DBA17E8E1AC5D08300E807F7 /* TutorialDrawView.m */,
				DBA32FE11AC5E7FF0099E5EC /* ViewControllerDesenhaLetra.h */,
				DBA32FE21AC5E7FF0099E5EC /* ViewControllerDesenhaLetra.m */,
				5E6D96E01AC5E1340063E962 /* StoreViewController.h */,
				5E6D96E11AC5E1340063E962 /* StoreViewController.m */,
				5E6D96E31AC5E14E0063E962 /* StoreTableViewCell.h */,
				5E6D96E41AC5E14E0063E962 /* StoreTableViewCell.m */,
				5E7091481AC8B01200CF559B /* UserViewController.h */,
				5E7091491AC8B01200CF559B /* UserViewController.m */,
				26E4E7F61AC9B0D3002C9E78 /* PuzzleView.h */,
				26E4E7F71AC9B0D3002C9E78 /* PuzzleView.m */,
				266354561AC9C62D00107689 /* PuzzleCell.h */,
				266354571AC9C62D00107689 /* PuzzleCell.m */,
				266354591AC9D76D00107689 /* SelectedPuzzleView.h */,
				2663545A1AC9D76D00107689 /* SelectedPuzzleView.m */,
				5EAACAD31ACA3ED700AA8177 /* UserTableViewCell.h */,
				5EAACAD41ACA3ED700AA8177 /* UserTableViewCell.m */,
				DB850B0E1ACACFA400AA093B /* xibAnimation.h */,
				DB850B0F1ACACFA400AA093B /* xibAnimation.m */,
			);
			name = ViewControllers;
			sourceTree = "<group>";
		};
		5ED9E6681ABC810F00905BC5 = {
			isa = PBXGroup;
			children = (
				449A3E4B1ADC9CA300300361 /* audio */,
				5ED9E6731ABC810F00905BC5 /* Gengo */,
				5ED9E68D1ABC810F00905BC5 /* GengoTests */,
				5ED9E6721ABC810F00905BC5 /* Products */,
			);
			sourceTree = "<group>";
		};
		5ED9E6721ABC810F00905BC5 /* Products */ = {
			isa = PBXGroup;
			children = (
				5ED9E6711ABC810F00905BC5 /* Gengo.app */,
				5ED9E68A1ABC810F00905BC5 /* GengoTests.xctest */,
			);
			name = Products;
			sourceTree = "<group>";
		};
		5ED9E6731ABC810F00905BC5 /* Gengo */ = {
			isa = PBXGroup;
			children = (
				DB7119A51ABCA81200ACDD71 /* Frameworks */,
				DB7119921ABCA7BD00ACDD71 /* Model */,
				5ED9E6781ABC810F00905BC5 /* AppDelegate.h */,
				5ED9E6791ABC810F00905BC5 /* AppDelegate.m */,
				5ED9E67E1ABC810F00905BC5 /* Main.storyboard */,
				5EAB4FB41AEC9754002887EA /* LoginStoryboardSegue.h */,
				5EAB4FB51AEC9754002887EA /* LoginStoryboardSegue.m */,
				DB92D3631AC5BFBC002DE928 /* View3.xib */,
				DB92D3611AC5A3A1002DE928 /* View2.xib */,
				DB92D35F1AC5A10A002DE928 /* View1.xib */,
				5E7075AB1AC1EE43009B6B4C /* ViewControllers */,
				5ED9E6811ABC810F00905BC5 /* Images.xcassets */,
				5ED9E6831ABC810F00905BC5 /* LaunchScreen.xib */,
				5EEA0D131AC07C6700D1EF3A /* Game */,
				5ED9E6741ABC810F00905BC5 /* Supporting Files */,
			);
			path = Gengo;
			sourceTree = "<group>";
		};
		5ED9E6741ABC810F00905BC5 /* Supporting Files */ = {
			isa = PBXGroup;
			children = (
				5ED9E6751ABC810F00905BC5 /* Info.plist */,
				5EEAAED31ADDC59A0089156C /* GameDictionary.plist */,
				5ED9E6761ABC810F00905BC5 /* main.m */,
				DB2791161ADD941C00661EA0 /* Data.plist */,
				5E55DF741ADE8EFD00293FD7 /* TestDictionary.plist */,
			);
			name = "Supporting Files";
			sourceTree = "<group>";
		};
		5ED9E68D1ABC810F00905BC5 /* GengoTests */ = {
			isa = PBXGroup;
			children = (
				5ED9E6901ABC810F00905BC5 /* GengoTests.m */,
				5ED9E68E1ABC810F00905BC5 /* Supporting Files */,
			);
			path = GengoTests;
			sourceTree = "<group>";
		};
		5ED9E68E1ABC810F00905BC5 /* Supporting Files */ = {
			isa = PBXGroup;
			children = (
				5ED9E68F1ABC810F00905BC5 /* Info.plist */,
			);
			name = "Supporting Files";
			sourceTree = "<group>";
		};
		5EEA0D131AC07C6700D1EF3A /* Game */ = {
			isa = PBXGroup;
			children = (
				5EDF2C251ACC271700162205 /* GameScene.sks */,
				5E6C3FDC1AC12E5700B57FD1 /* GameScene.h */,
				5E6C3FDD1AC12E5700B57FD1 /* GameScene.m */,
				5E6C3FDF1AC12E5700B57FD1 /* GameViewController.h */,
				5E6C3FE01AC12E5700B57FD1 /* GameViewController.m */,
			);
			name = Game;
			sourceTree = "<group>";
		};
		DB7119921ABCA7BD00ACDD71 /* Model */ = {
			isa = PBXGroup;
			children = (
				DB8149A81AC3274900D65332 /* AsyncImageView */,
				5E7A97201AC1A6FA00FDDF65 /* CharacterDictionary.h */,
				5E7A97211AC1A6FA00FDDF65 /* CharacterDictionary.m */,
				DB7119A21ABCA80E00ACDD71 /* User.h */,
				DB7119A31ABCA80E00ACDD71 /* User.m */,
				DB71199C1ABCA7FF00ACDD71 /* Puzzle.h */,
				DB71199D1ABCA7FF00ACDD71 /* Puzzle.m */,
				DB71199E1ABCA7FF00ACDD71 /* SaveUtility.h */,
				DB71199F1ABCA7FF00ACDD71 /* SaveUtility.m */,
				DB7119961ABCA7F200ACDD71 /* Item.h */,
				DB7119971ABCA7F200ACDD71 /* Item.m */,
				DB7119981ABCA7F200ACDD71 /* Lesson.h */,
				DB7119991ABCA7F200ACDD71 /* Lesson.m */,
				DB7119931ABCA7E100ACDD71 /* Achievement.h */,
				DB7119941ABCA7E100ACDD71 /* Achievement.m */,
			);
			name = Model;
			sourceTree = "<group>";
		};
		DB7119A51ABCA81200ACDD71 /* Frameworks */ = {
			isa = PBXGroup;
			children = (
				DB7119C81ABCA96800ACDD71 /* Bolts.framework */,
				DB7119C61ABCA8C400ACDD71 /* libsqlite3.dylib */,
				DB7119C41ABCA8BB00ACDD71 /* libz.dylib */,
				DB7119C21ABCA8B000ACDD71 /* SystemConfiguration.framework */,
				DB7119C01ABCA8A200ACDD71 /* StoreKit.framework */,
				DB7119BE1ABCA89B00ACDD71 /* Security.framework */,
				DB7119BC1ABCA89200ACDD71 /* QuartzCore.framework */,
				DB7119BA1ABCA88A00ACDD71 /* MobileCoreServices.framework */,
				DB7119B81ABCA88000ACDD71 /* CoreLocation.framework */,
				DB7119B61ABCA87700ACDD71 /* CoreGraphics.framework */,
				DB7119B41ABCA86E00ACDD71 /* CFNetwork.framework */,
				DB7119B21ABCA86700ACDD71 /* AudioToolbox.framework */,
				DB7119AE1ABCA83C00ACDD71 /* FacebookSDK.framework */,
				DB7119AF1ABCA83C00ACDD71 /* FBAudienceNetwork.framework */,
				DB7119A61ABCA82B00ACDD71 /* Parse.framework */,
				DB7119A71ABCA82B00ACDD71 /* ParseCrashReporting.framework */,
				DB7119A81ABCA82B00ACDD71 /* ParseFacebookUtils.framework */,
				DB7119A91ABCA82B00ACDD71 /* ParseUI.framework */,
			);
			name = Frameworks;
			sourceTree = "<group>";
		};
		DB8149A81AC3274900D65332 /* AsyncImageView */ = {
			isa = PBXGroup;
			children = (
				DB8149A91AC3274900D65332 /* AsyncImageView.h */,
				DB8149AA1AC3274900D65332 /* AsyncImageView.m */,
			);
			path = AsyncImageView;
			sourceTree = "<group>";
		};
/* End PBXGroup section */

/* Begin PBXNativeTarget section */
		5ED9E6701ABC810F00905BC5 /* Gengo */ = {
			isa = PBXNativeTarget;
			buildConfigurationList = 5ED9E6941ABC810F00905BC5 /* Build configuration list for PBXNativeTarget "Gengo" */;
			buildPhases = (
				5ED9E66D1ABC810F00905BC5 /* Sources */,
				5ED9E66E1ABC810F00905BC5 /* Frameworks */,
				5ED9E66F1ABC810F00905BC5 /* Resources */,
			);
			buildRules = (
			);
			dependencies = (
			);
			name = Gengo;
			productName = Gengo;
			productReference = 5ED9E6711ABC810F00905BC5 /* Gengo.app */;
			productType = "com.apple.product-type.application";
		};
		5ED9E6891ABC810F00905BC5 /* GengoTests */ = {
			isa = PBXNativeTarget;
			buildConfigurationList = 5ED9E6971ABC810F00905BC5 /* Build configuration list for PBXNativeTarget "GengoTests" */;
			buildPhases = (
				5ED9E6861ABC810F00905BC5 /* Sources */,
				5ED9E6871ABC810F00905BC5 /* Frameworks */,
				5ED9E6881ABC810F00905BC5 /* Resources */,
			);
			buildRules = (
			);
			dependencies = (
				5ED9E68C1ABC810F00905BC5 /* PBXTargetDependency */,
			);
			name = GengoTests;
			productName = GengoTests;
			productReference = 5ED9E68A1ABC810F00905BC5 /* GengoTests.xctest */;
			productType = "com.apple.product-type.bundle.unit-test";
		};
/* End PBXNativeTarget section */

/* Begin PBXProject section */
		5ED9E6691ABC810F00905BC5 /* Project object */ = {
			isa = PBXProject;
			attributes = {
				LastUpgradeCheck = 0620;
				ORGANIZATIONNAME = "Daniel Amarante";
				TargetAttributes = {
					5ED9E6701ABC810F00905BC5 = {
						CreatedOnToolsVersion = 6.2;
					};
					5ED9E6891ABC810F00905BC5 = {
						CreatedOnToolsVersion = 6.2;
						DevelopmentTeam = ZX7GUMJ35C;
						TestTargetID = 5ED9E6701ABC810F00905BC5;
					};
				};
			};
			buildConfigurationList = 5ED9E66C1ABC810F00905BC5 /* Build configuration list for PBXProject "Gengo" */;
			compatibilityVersion = "Xcode 3.2";
			developmentRegion = English;
			hasScannedForEncodings = 0;
			knownRegions = (
				en,
				Base,
			);
			mainGroup = 5ED9E6681ABC810F00905BC5;
			productRefGroup = 5ED9E6721ABC810F00905BC5 /* Products */;
			projectDirPath = "";
			projectRoot = "";
			targets = (
				5ED9E6701ABC810F00905BC5 /* Gengo */,
				5ED9E6891ABC810F00905BC5 /* GengoTests */,
			);
		};
/* End PBXProject section */

/* Begin PBXResourcesBuildPhase section */
		5ED9E66F1ABC810F00905BC5 /* Resources */ = {
			isa = PBXResourcesBuildPhase;
			buildActionMask = 2147483647;
			files = (
				44C99E4E1ADC9D3C0039CC6B /* ya.wav in Resources */,
				44C99E471ADC9D3C0039CC6B /* su.wav in Resources */,
				44C99E451ADC9D3C0039CC6B /* shi.wav in Resources */,
				44C99E341ADC9D3C0039CC6B /* mi.wav in Resources */,
				44C99E331ADC9D3C0039CC6B /* me.wav in Resources */,
				5EEAAED41ADDC59A0089156C /* GameDictionary.plist in Resources */,
				44C99E391ADC9D3C0039CC6B /* ne.wav in Resources */,
				44C99E501ADC9D3C0039CC6B /* yu.wav in Resources */,
				44C99E491ADC9D3C0039CC6B /* te.wav in Resources */,
				44C99E301ADC9D3C0039CC6B /* ko.wav in Resources */,
				44C99E251ADC9D3C0039CC6B /* a.wav in Resources */,
				44C99E2F1ADC9D3C0039CC6B /* ki.wav in Resources */,
				5EDF2C261ACC271700162205 /* GameScene.sks in Resources */,
				DB92D3641AC5BFBC002DE928 /* View3.xib in Resources */,
				44C99E2A1ADC9D3C0039CC6B /* hi.wav in Resources */,
				44C99E261ADC9D3C0039CC6B /* chi.wav in Resources */,
				44C99E2D1ADC9D3C0039CC6B /* ka.wav in Resources */,
				44C99E321ADC9D3C0039CC6B /* ma.wav in Resources */,
				44C99E371ADC9D3C0039CC6B /* n.wav in Resources */,
				DB92D3621AC5A3A1002DE928 /* View2.xib in Resources */,
				44C99E361ADC9D3C0039CC6B /* mu.wav in Resources */,
				44C99E2C1ADC9D3C0039CC6B /* i.wav in Resources */,
				44C99E381ADC9D3C0039CC6B /* na.wav in Resources */,
				44C99E291ADC9D3C0039CC6B /* he.wav in Resources */,
				44C99E271ADC9D3C0039CC6B /* e.wav in Resources */,
				44C99E3B1ADC9D3C0039CC6B /* no.wav in Resources */,
				44C99E2E1ADC9D3C0039CC6B /* ke.wav in Resources */,
				5ED9E6801ABC810F00905BC5 /* Main.storyboard in Resources */,
				44C99E281ADC9D3C0039CC6B /* ha.wav in Resources */,
				44C99E351ADC9D3C0039CC6B /* mo.wav in Resources */,
				44C99E4D1ADC9D3C0039CC6B /* wa.wav in Resources */,
				5E6F153B1ACC2C3000848A27 /* gamesong.mp3 in Resources */,
				44C99E421ADC9D3C0039CC6B /* ru.wav in Resources */,
				44C99E401ADC9D3C0039CC6B /* ri.wav in Resources */,
				44C99E411ADC9D3C0039CC6B /* ro.wav in Resources */,
				44C99E3E1ADC9D3C0039CC6B /* ra.wav in Resources */,
				44C99E4B1ADC9D3C0039CC6B /* tsu.wav in Resources */,
				44C99DF81ADC9D240039CC6B /* fu.wav in Resources */,
				44C99E4C1ADC9D3C0039CC6B /* u.wav in Resources */,
				44C99E3D1ADC9D3C0039CC6B /* o.wav in Resources */,
				44C99E481ADC9D3C0039CC6B /* ta.wav in Resources */,
				44C99E3A1ADC9D3C0039CC6B /* ni.wav in Resources */,
				5ED9E6851ABC810F00905BC5 /* LaunchScreen.xib in Resources */,
				44C99E4A1ADC9D3C0039CC6B /* to.wav in Resources */,
				44C99E311ADC9D3C0039CC6B /* ku.wav in Resources */,
				44C99E431ADC9D3C0039CC6B /* sa.wav in Resources */,
				44C99E4F1ADC9D3C0039CC6B /* yo.wav in Resources */,
				DB2791171ADD941C00661EA0 /* Data.plist in Resources */,
				44C99E461ADC9D3C0039CC6B /* so.wav in Resources */,
				44C99E2B1ADC9D3C0039CC6B /* ho.wav in Resources */,
				5ED9E6821ABC810F00905BC5 /* Images.xcassets in Resources */,
				DB92D3601AC5A10A002DE928 /* View1.xib in Resources */,
				DBF6DB841ACB056400AB6ADF /* MiyamotoMusashi.wav in Resources */,
				44C99E3F1ADC9D3C0039CC6B /* re.wav in Resources */,
				44C99E441ADC9D3C0039CC6B /* se.wav in Resources */,
				5E55DF751ADE8EFD00293FD7 /* TestDictionary.plist in Resources */,
				44C99E3C1ADC9D3C0039CC6B /* nu.wav in Resources */,
			);
			runOnlyForDeploymentPostprocessing = 0;
		};
		5ED9E6881ABC810F00905BC5 /* Resources */ = {
			isa = PBXResourcesBuildPhase;
			buildActionMask = 2147483647;
			files = (
			);
			runOnlyForDeploymentPostprocessing = 0;
		};
/* End PBXResourcesBuildPhase section */

/* Begin PBXSourcesBuildPhase section */
		5ED9E66D1ABC810F00905BC5 /* Sources */ = {
			isa = PBXSourcesBuildPhase;
			buildActionMask = 2147483647;
			files = (
				DB850B101ACACFA400AA093B /* xibAnimation.m in Sources */,
				5ED9E67D1ABC810F00905BC5 /* ViewController.m in Sources */,
				5EAB4FB61AEC9754002887EA /* LoginStoryboardSegue.m in Sources */,
				5E7A97221AC1A6FA00FDDF65 /* CharacterDictionary.m in Sources */,
				5EAACAD51ACA3ED700AA8177 /* UserTableViewCell.m in Sources */,
				DB7119951ABCA7E100ACDD71 /* Achievement.m in Sources */,
				DB7119A01ABCA7FF00ACDD71 /* Puzzle.m in Sources */,
				DBA17E8F1AC5D08300E807F7 /* TutorialDrawView.m in Sources */,
				5ED9E67A1ABC810F00905BC5 /* AppDelegate.m in Sources */,
				5E1D57F01AC1AED500EC1379 /* LessonTableViewController.m in Sources */,
				5E70914A1AC8B01200CF559B /* UserViewController.m in Sources */,
				DBA32FE31AC5E7FF0099E5EC /* ViewControllerDesenhaLetra.m in Sources */,
				5E6C3FE31AC12E5700B57FD1 /* GameViewController.m in Sources */,
				DB8149AB1AC3274900D65332 /* AsyncImageView.m in Sources */,
				5E6D96E21AC5E1340063E962 /* StoreViewController.m in Sources */,
				26E4E7F81AC9B0D3002C9E78 /* PuzzleView.m in Sources */,
				DB7119A11ABCA7FF00ACDD71 /* SaveUtility.m in Sources */,
				DB7119A41ABCA80E00ACDD71 /* User.m in Sources */,
				5ED9E6771ABC810F00905BC5 /* main.m in Sources */,
				5E1D57F31AC1AF6000EC1379 /* LessonCellTableViewCell.m in Sources */,
				DB71199A1ABCA7F200ACDD71 /* Item.m in Sources */,
				5EEA8EFB1ABC8C4E00D141B1 /* TestViewController.m in Sources */,
				5E6C3FE11AC12E5700B57FD1 /* GameScene.m in Sources */,
				266354581AC9C62D00107689 /* PuzzleCell.m in Sources */,
				2663545B1AC9D76D00107689 /* SelectedPuzzleView.m in Sources */,
				DBDD2F241AC47B450043D23A /* ViewControllerTutorial.m in Sources */,
				44E03D381AC5ECDF006CDB27 /* ViewTutorial1.m in Sources */,
				DB71199B1ABCA7F200ACDD71 /* Lesson.m in Sources */,
				5E6D96E51AC5E14E0063E962 /* StoreTableViewCell.m in Sources */,
			);
			runOnlyForDeploymentPostprocessing = 0;
		};
		5ED9E6861ABC810F00905BC5 /* Sources */ = {
			isa = PBXSourcesBuildPhase;
			buildActionMask = 2147483647;
			files = (
				5ED9E6911ABC810F00905BC5 /* GengoTests.m in Sources */,
			);
			runOnlyForDeploymentPostprocessing = 0;
		};
/* End PBXSourcesBuildPhase section */

/* Begin PBXTargetDependency section */
		5ED9E68C1ABC810F00905BC5 /* PBXTargetDependency */ = {
			isa = PBXTargetDependency;
			target = 5ED9E6701ABC810F00905BC5 /* Gengo */;
			targetProxy = 5ED9E68B1ABC810F00905BC5 /* PBXContainerItemProxy */;
		};
/* End PBXTargetDependency section */

/* Begin PBXVariantGroup section */
		5ED9E67E1ABC810F00905BC5 /* Main.storyboard */ = {
			isa = PBXVariantGroup;
			children = (
				5ED9E67F1ABC810F00905BC5 /* Base */,
			);
			name = Main.storyboard;
			sourceTree = "<group>";
		};
		5ED9E6831ABC810F00905BC5 /* LaunchScreen.xib */ = {
			isa = PBXVariantGroup;
			children = (
				5ED9E6841ABC810F00905BC5 /* Base */,
			);
			name = LaunchScreen.xib;
			sourceTree = "<group>";
		};
/* End PBXVariantGroup section */

/* Begin XCBuildConfiguration section */
		5ED9E6921ABC810F00905BC5 /* Debug */ = {
			isa = XCBuildConfiguration;
			buildSettings = {
				ALWAYS_SEARCH_USER_PATHS = NO;
				CLANG_CXX_LANGUAGE_STANDARD = "gnu++0x";
				CLANG_CXX_LIBRARY = "libc++";
				CLANG_ENABLE_MODULES = YES;
				CLANG_ENABLE_OBJC_ARC = YES;
				CLANG_WARN_BOOL_CONVERSION = YES;
				CLANG_WARN_CONSTANT_CONVERSION = YES;
				CLANG_WARN_DIRECT_OBJC_ISA_USAGE = YES_ERROR;
				CLANG_WARN_EMPTY_BODY = YES;
				CLANG_WARN_ENUM_CONVERSION = YES;
				CLANG_WARN_INT_CONVERSION = YES;
				CLANG_WARN_OBJC_ROOT_CLASS = YES_ERROR;
				CLANG_WARN_UNREACHABLE_CODE = YES;
				CLANG_WARN__DUPLICATE_METHOD_MATCH = YES;
				"CODE_SIGN_IDENTITY[sdk=iphoneos*]" = "iPhone Developer";
				COPY_PHASE_STRIP = NO;
				ENABLE_STRICT_OBJC_MSGSEND = YES;
				GCC_C_LANGUAGE_STANDARD = gnu99;
				GCC_DYNAMIC_NO_PIC = NO;
				GCC_OPTIMIZATION_LEVEL = 0;
				GCC_PREPROCESSOR_DEFINITIONS = (
					"DEBUG=1",
					"$(inherited)",
				);
				GCC_SYMBOLS_PRIVATE_EXTERN = NO;
				GCC_WARN_64_TO_32_BIT_CONVERSION = YES;
				GCC_WARN_ABOUT_RETURN_TYPE = YES_ERROR;
				GCC_WARN_UNDECLARED_SELECTOR = YES;
				GCC_WARN_UNINITIALIZED_AUTOS = YES_AGGRESSIVE;
				GCC_WARN_UNUSED_FUNCTION = YES;
				GCC_WARN_UNUSED_VARIABLE = YES;
				IPHONEOS_DEPLOYMENT_TARGET = 8.2;
				MTL_ENABLE_DEBUG_INFO = YES;
				ONLY_ACTIVE_ARCH = YES;
				SDKROOT = iphoneos;
				TARGETED_DEVICE_FAMILY = "1,2";
			};
			name = Debug;
		};
		5ED9E6931ABC810F00905BC5 /* Release */ = {
			isa = XCBuildConfiguration;
			buildSettings = {
				ALWAYS_SEARCH_USER_PATHS = NO;
				CLANG_CXX_LANGUAGE_STANDARD = "gnu++0x";
				CLANG_CXX_LIBRARY = "libc++";
				CLANG_ENABLE_MODULES = YES;
				CLANG_ENABLE_OBJC_ARC = YES;
				CLANG_WARN_BOOL_CONVERSION = YES;
				CLANG_WARN_CONSTANT_CONVERSION = YES;
				CLANG_WARN_DIRECT_OBJC_ISA_USAGE = YES_ERROR;
				CLANG_WARN_EMPTY_BODY = YES;
				CLANG_WARN_ENUM_CONVERSION = YES;
				CLANG_WARN_INT_CONVERSION = YES;
				CLANG_WARN_OBJC_ROOT_CLASS = YES_ERROR;
				CLANG_WARN_UNREACHABLE_CODE = YES;
				CLANG_WARN__DUPLICATE_METHOD_MATCH = YES;
				"CODE_SIGN_IDENTITY[sdk=iphoneos*]" = "iPhone Developer";
				COPY_PHASE_STRIP = NO;
				ENABLE_NS_ASSERTIONS = NO;
				ENABLE_STRICT_OBJC_MSGSEND = YES;
				GCC_C_LANGUAGE_STANDARD = gnu99;
				GCC_WARN_64_TO_32_BIT_CONVERSION = YES;
				GCC_WARN_ABOUT_RETURN_TYPE = YES_ERROR;
				GCC_WARN_UNDECLARED_SELECTOR = YES;
				GCC_WARN_UNINITIALIZED_AUTOS = YES_AGGRESSIVE;
				GCC_WARN_UNUSED_FUNCTION = YES;
				GCC_WARN_UNUSED_VARIABLE = YES;
				IPHONEOS_DEPLOYMENT_TARGET = 8.2;
				MTL_ENABLE_DEBUG_INFO = NO;
				SDKROOT = iphoneos;
				TARGETED_DEVICE_FAMILY = "1,2";
				VALIDATE_PRODUCT = YES;
			};
			name = Release;
		};
		5ED9E6951ABC810F00905BC5 /* Debug */ = {
			isa = XCBuildConfiguration;
			buildSettings = {
				ASSETCATALOG_COMPILER_APPICON_NAME = AppIcon;
				CODE_SIGN_IDENTITY = "iPhone Developer";
				"CODE_SIGN_IDENTITY[sdk=iphoneos*]" = "iPhone Developer";
				FRAMEWORK_SEARCH_PATHS = (
					"$(inherited)",
					"$(PROJECT_DIR)/Gengo",
					"$(PROJECT_DIR)/Gengo/FacebookSDK",
				);
				INFOPLIST_FILE = Gengo/Info.plist;
				LD_RUNPATH_SEARCH_PATHS = "$(inherited) @executable_path/Frameworks";
				PRODUCT_NAME = "$(TARGET_NAME)";
				PROVISIONING_PROFILE = "";
			};
			name = Debug;
		};
		5ED9E6961ABC810F00905BC5 /* Release */ = {
			isa = XCBuildConfiguration;
			buildSettings = {
				ASSETCATALOG_COMPILER_APPICON_NAME = AppIcon;
				CODE_SIGN_IDENTITY = "iPhone Developer";
				"CODE_SIGN_IDENTITY[sdk=iphoneos*]" = "iPhone Developer";
				FRAMEWORK_SEARCH_PATHS = (
					"$(inherited)",
					"$(PROJECT_DIR)/Gengo",
					"$(PROJECT_DIR)/Gengo/FacebookSDK",
				);
				INFOPLIST_FILE = Gengo/Info.plist;
				LD_RUNPATH_SEARCH_PATHS = "$(inherited) @executable_path/Frameworks";
				PRODUCT_NAME = "$(TARGET_NAME)";
				PROVISIONING_PROFILE = "";
			};
			name = Release;
		};
		5ED9E6981ABC810F00905BC5 /* Debug */ = {
			isa = XCBuildConfiguration;
			buildSettings = {
				BUNDLE_LOADER = "$(TEST_HOST)";
				FRAMEWORK_SEARCH_PATHS = (
					"$(SDKROOT)/Developer/Library/Frameworks",
					"$(inherited)",
				);
				GCC_PREPROCESSOR_DEFINITIONS = (
					"DEBUG=1",
					"$(inherited)",
				);
				INFOPLIST_FILE = GengoTests/Info.plist;
				LD_RUNPATH_SEARCH_PATHS = "$(inherited) @executable_path/Frameworks @loader_path/Frameworks";
				PRODUCT_NAME = "$(TARGET_NAME)";
				TEST_HOST = "$(BUILT_PRODUCTS_DIR)/Gengo.app/Gengo";
			};
			name = Debug;
		};
		5ED9E6991ABC810F00905BC5 /* Release */ = {
			isa = XCBuildConfiguration;
			buildSettings = {
				BUNDLE_LOADER = "$(TEST_HOST)";
				FRAMEWORK_SEARCH_PATHS = (
					"$(SDKROOT)/Developer/Library/Frameworks",
					"$(inherited)",
				);
				INFOPLIST_FILE = GengoTests/Info.plist;
				LD_RUNPATH_SEARCH_PATHS = "$(inherited) @executable_path/Frameworks @loader_path/Frameworks";
				PRODUCT_NAME = "$(TARGET_NAME)";
				TEST_HOST = "$(BUILT_PRODUCTS_DIR)/Gengo.app/Gengo";
			};
			name = Release;
		};
/* End XCBuildConfiguration section */

/* Begin XCConfigurationList section */
		5ED9E66C1ABC810F00905BC5 /* Build configuration list for PBXProject "Gengo" */ = {
			isa = XCConfigurationList;
			buildConfigurations = (
				5ED9E6921ABC810F00905BC5 /* Debug */,
				5ED9E6931ABC810F00905BC5 /* Release */,
			);
			defaultConfigurationIsVisible = 0;
			defaultConfigurationName = Release;
		};
		5ED9E6941ABC810F00905BC5 /* Build configuration list for PBXNativeTarget "Gengo" */ = {
			isa = XCConfigurationList;
			buildConfigurations = (
				5ED9E6951ABC810F00905BC5 /* Debug */,
				5ED9E6961ABC810F00905BC5 /* Release */,
			);
			defaultConfigurationIsVisible = 0;
			defaultConfigurationName = Release;
		};
		5ED9E6971ABC810F00905BC5 /* Build configuration list for PBXNativeTarget "GengoTests" */ = {
			isa = XCConfigurationList;
			buildConfigurations = (
				5ED9E6981ABC810F00905BC5 /* Debug */,
				5ED9E6991ABC810F00905BC5 /* Release */,
			);
			defaultConfigurationIsVisible = 0;
			defaultConfigurationName = Release;
		};
/* End XCConfigurationList section */
	};
	rootObject = 5ED9E6691ABC810F00905BC5 /* Project object */;
}
